# THIS IS AN AUTOGENERATED FILE. DO NOT EDIT THIS FILE DIRECTLY.
# yarn lockfile v1


"@wowts/lua@^1.0.3":
  version "1.0.3"
  resolved "https://registry.yarnpkg.com/@wowts/lua/-/lua-1.0.3.tgz#3e75d1ad1dac3095021d24e4a3a319dc27a7bbc8"

"@wowts/tstolua@^1.0.2":
  version "1.0.2"
  resolved "https://registry.yarnpkg.com/@wowts/tstolua/-/tstolua-1.0.2.tgz#6bf81b5f6bbd60cf40e2acc2022c19f775614626"
  dependencies:
    commander "^2.11.0"
    typescript "^2.5.3"

commander@^2.11.0:
  version "2.11.0"
  resolved "https://registry.yarnpkg.com/commander/-/commander-2.11.0.tgz#157152fd1e7a6c8d98a5b715cf376df928004563"

typescript@^2.5.3:
  version "2.5.3"
  resolved "https://registry.yarnpkg.com/typescript/-/typescript-2.5.3.tgz#df3dcdc38f3beb800d4bc322646b04a3f6ca7f0d"
