# THIS IS AN AUTOGENERATED FILE. DO NOT EDIT THIS FILE DIRECTLY.
# yarn lockfile v1


"@wowts/lua@^1.0.2", "@wowts/lua@^1.0.3":
  version "1.0.3"
  resolved "https://registry.yarnpkg.com/@wowts/lua/-/lua-1.0.3.tgz#3e75d1ad1dac3095021d24e4a3a319dc27a7bbc8"

"@wowts/table@^1.0.0":
  version "1.0.0"
  resolved "https://registry.yarnpkg.com/@wowts/table/-/table-1.0.0.tgz#745ac84dc12dfbec7fd9c9ef1574576ded569fed"
  dependencies:
    "@wowts/lua" "^1.0.2"

"@wowts/tslib@^1.0.0":
  version "1.0.0"
  resolved "https://registry.yarnpkg.com/@wowts/tslib/-/tslib-1.0.0.tgz#278bf29a3fbb955e19f612fcf10908183f82fea0"
  dependencies:
    "@wowts/lua" "^1.0.3"

"@wowts/tstolua@^1.0.6":
  version "1.0.6"
  resolved "https://registry.yarnpkg.com/@wowts/tstolua/-/tstolua-1.0.6.tgz#16ebf6dd88addfbad4039627d291112bab85bb2d"
  dependencies:
    commander "^2.11.0"
    typescript "^2.5.3"

"@wowts/wow-mock@^1.0.1":
  version "1.0.1"
  resolved "https://registry.yarnpkg.com/@wowts/wow-mock/-/wow-mock-1.0.1.tgz#05006a65383554784265f95ebd2cc9c8e1a47b72"
  dependencies:
    "@wowts/lua" "^1.0.2"

commander@^2.11.0:
  version "2.11.0"
  resolved "https://registry.yarnpkg.com/commander/-/commander-2.11.0.tgz#157152fd1e7a6c8d98a5b715cf376df928004563"

typescript@^2.5.3:
  version "2.5.3"
  resolved "https://registry.yarnpkg.com/typescript/-/typescript-2.5.3.tgz#df3dcdc38f3beb800d4bc322646b04a3f6ca7f0d"
